{
  "name": "textutils",
  "version": "0.1.0",
  "lockfileVersion": 3,
  "requires": true,
  "packages": {
    "": {
      "name": "textutils",
      "version": "0.1.0",
      "dependencies": {
        "@testing-library/jest-dom": "^5.16.5",
        "@testing-library/react": "^13.4.0",
        "@testing-library/user-event": "^13.5.0",
        "react": "^18.2.0",
        "react-dom": "^18.2.0",
        "react-router-dom": "^6.11.2",
        "react-scripts": "5.0.1",
        "web-vitals": "^2.1.4"
      }
    },
    "node_modules/@aashutoshrathi/word-wrap": {
      "version": "1.2.6",
      "resolved": "https://registry.npmjs.org/@aashutoshrathi/word-wrap/-/word-wrap-1.2.6.tgz",
      "integrity": "sha512-1Yjs2SvM8TflER/OD3cOjhWWOZb58A2t7wpE2S9XfBYTiIl+XFhQG2bjy4Pu1I+EAlCNUzRDYDdFwFYUKvXcIA==",
      "engines": {
        "node": ">=0.10.0"
      }
    },
    // ... (rest of the package dependencies)
  }
}